
Microsoft Visual Studio Solution File, Format Version 12.00
# Visual Studio Version 17
VisualStudioVersion = 17.5.002.0
MinimumVisualStudioVersion = 10.0.40219.1
Project("{9A19103F-16F7-4668-BE54-9A1E7A4F7556}") = "trilha-net-azure-desafio", "trilha-net-azure-desafio.csproj", "{FC113E63-A422-40CA-8A1D-733FF748A7EA}"
EndProject
Global
	GlobalSection(SolutionConfigurationPlatforms) = preSolution
		Debug|Any CPU = Debug|Any CPU
		Release|Any CPU = Release|Any CPU
	EndGlobalSection
	GlobalSection(ProjectConfigurationPlatforms) = postSolution
		{FC113E63-A422-40CA-8A1D-733FF748A7EA}.Debug|Any CPU.ActiveCfg = Debug|Any CPU
		{FC113E63-A422-40CA-8A1D-733FF748A7EA}.Debug|Any CPU.Build.0 = Debug|Any CPU
		{FC113E63-A422-40CA-8A1D-733FF748A7EA}.Release|Any CPU.ActiveCfg = Release|Any CPU
		{FC113E63-A422-40CA-8A1D-733FF748A7EA}.Release|Any CPU.Build.0 = Release|Any CPU
	EndGlobalSection
	GlobalSection(SolutionProperties) = preSolution
		HideSolutionNode = FALSE
	EndGlobalSection
	GlobalSection(ExtensibilityGlobals) = postSolution
		SolutionGuid = {73ECBA4A-60A7-423E-9433-EE68F2FADD2E}
	EndGlobalSection
EndGlobal
